
Microsoft Visual Studio Solution File, Format Version 12.00
Project("{2150E333-8FDC-42A3-9474-1A3956D46DE8}") = "common", "common", "{5F2E027E-D600-42DE-82FA-238F62567FF0}"
ProjectSection(SolutionItems) = preProject
	README.md = README.md
	.gitignore = .gitignore
	Dockerfile = Dockerfile
	.editorconfig = .editorconfig
EndProjectSection
EndProject
Project("{2150E333-8FDC-42A3-9474-1A3956D46DE8}") = "src", "src", "{34C94014-E3FD-40EC-B6C0-8CCC003109FA}"
EndProject
Project("{2150E333-8FDC-42A3-9474-1A3956D46DE8}") = "tests", "tests", "{5049D84D-F8F5-4E27-B287-B8C3607F22EF}"
EndProject
Project("{FAE04EC0-301F-11D3-BF4B-00C04F79EFBC}") = "OzonEdu.MerchandiseService", "src\OzonEdu.MerchandiseService\OzonEdu.MerchandiseService.csproj", "{EAB68E78-CBBB-4736-A400-1A10954C370A}"
EndProject
Project("{2150E333-8FDC-42A3-9474-1A3956D46DE8}") = "tools", "tools", "{1B4887CE-83D1-4FD8-8A06-D73D7302032D}"
EndProject
Project("{2150E333-8FDC-42A3-9474-1A3956D46DE8}") = "deploy", "deploy", "{200F839E-61E4-4D93-A70C-B0FD76EC310D}"
ProjectSection(SolutionItems) = preProject
	docker-compose.yml = docker-compose.yml
EndProjectSection
EndProject
Project("{FAE04EC0-301F-11D3-BF4B-00C04F79EFBC}") = "OzonEdu.MerchandiseService.HttpModels", "src\OzonEdu.MerchandiseService.HttpModels\OzonEdu.MerchandiseService.HttpModels.csproj", "{21808060-E9BA-482F-B765-BBD7466F922B}"
EndProject
Project("{FAE04EC0-301F-11D3-BF4B-00C04F79EFBC}") = "OzonEdu.MerchandiseService.HttpClient", "src\OzonEdu.MerchandiseService.HttpClient\OzonEdu.MerchandiseService.HttpClient.csproj", "{940C4463-A593-4176-88D3-08E4F51AEB8D}"
EndProject
Project("{FAE04EC0-301F-11D3-BF4B-00C04F79EFBC}") = "OzonEdu.MerchandiseService.HttpClient.Test", "src\OzonEdu.MerchandiseService.HttpClient.Test\OzonEdu.MerchandiseService.HttpClient.Test.csproj", "{33A003FD-5822-43CD-9582-67CA0835FA0C}"
EndProject
Global
	GlobalSection(SolutionConfigurationPlatforms) = preSolution
		Debug|Any CPU = Debug|Any CPU
		Release|Any CPU = Release|Any CPU
	EndGlobalSection
	GlobalSection(NestedProjects) = preSolution
		{EAB68E78-CBBB-4736-A400-1A10954C370A} = {34C94014-E3FD-40EC-B6C0-8CCC003109FA}
		{21808060-E9BA-482F-B765-BBD7466F922B} = {34C94014-E3FD-40EC-B6C0-8CCC003109FA}
		{940C4463-A593-4176-88D3-08E4F51AEB8D} = {34C94014-E3FD-40EC-B6C0-8CCC003109FA}
		{33A003FD-5822-43CD-9582-67CA0835FA0C} = {34C94014-E3FD-40EC-B6C0-8CCC003109FA}
	EndGlobalSection
	GlobalSection(ProjectConfigurationPlatforms) = postSolution
		{EAB68E78-CBBB-4736-A400-1A10954C370A}.Debug|Any CPU.ActiveCfg = Debug|Any CPU
		{EAB68E78-CBBB-4736-A400-1A10954C370A}.Debug|Any CPU.Build.0 = Debug|Any CPU
		{EAB68E78-CBBB-4736-A400-1A10954C370A}.Release|Any CPU.ActiveCfg = Release|Any CPU
		{EAB68E78-CBBB-4736-A400-1A10954C370A}.Release|Any CPU.Build.0 = Release|Any CPU
		{21808060-E9BA-482F-B765-BBD7466F922B}.Debug|Any CPU.ActiveCfg = Debug|Any CPU
		{21808060-E9BA-482F-B765-BBD7466F922B}.Debug|Any CPU.Build.0 = Debug|Any CPU
		{21808060-E9BA-482F-B765-BBD7466F922B}.Release|Any CPU.ActiveCfg = Release|Any CPU
		{21808060-E9BA-482F-B765-BBD7466F922B}.Release|Any CPU.Build.0 = Release|Any CPU
		{940C4463-A593-4176-88D3-08E4F51AEB8D}.Debug|Any CPU.ActiveCfg = Debug|Any CPU
		{940C4463-A593-4176-88D3-08E4F51AEB8D}.Debug|Any CPU.Build.0 = Debug|Any CPU
		{940C4463-A593-4176-88D3-08E4F51AEB8D}.Release|Any CPU.ActiveCfg = Release|Any CPU
		{940C4463-A593-4176-88D3-08E4F51AEB8D}.Release|Any CPU.Build.0 = Release|Any CPU
		{33A003FD-5822-43CD-9582-67CA0835FA0C}.Debug|Any CPU.ActiveCfg = Debug|Any CPU
		{33A003FD-5822-43CD-9582-67CA0835FA0C}.Debug|Any CPU.Build.0 = Debug|Any CPU
		{33A003FD-5822-43CD-9582-67CA0835FA0C}.Release|Any CPU.ActiveCfg = Release|Any CPU
		{33A003FD-5822-43CD-9582-67CA0835FA0C}.Release|Any CPU.Build.0 = Release|Any CPU
	EndGlobalSection
EndGlobal
